<?xml version="1.0" encoding="utf-8"?>
<Project ToolsVersion="4.0" xmlns="http://schemas.microsoft.com/developer/msbuild/2003">
  <ItemGroup>
    <Filter Include="Source Files">
      <UniqueIdentifier>{4FC737F1-C7A5-4376-A066-2A32D752A2FF}</UniqueIdentifier>
      <Extensions>cpp;c;cc;cxx;def;odl;idl;hpj;bat;asm;asmx</Extensions>
    </Filter>
    <Filter Include="Header Files">
      <UniqueIdentifier>{93995380-89BD-4b04-88EB-625FBE52EBFB}</UniqueIdentifier>
      <Extensions>h;hh;hpp;hxx;hm;inl;inc;xsd</Extensions>
    </Filter>
    <Filter Include="Resource Files">
      <UniqueIdentifier>{67DA6AB6-F800-4c08-8B7A-83BB121AAD01}</UniqueIdentifier>
      <Extensions>rc;ico;cur;bmp;dlg;rc2;rct;bin;rgs;gif;jpg;jpeg;jpe;resx;tiff;tif;png;wav;mfcribbon-ms</Extensions>
    </Filter>
    <Filter Include="char">
      <UniqueIdentifier>{91b3af08-9df6-4b1c-a78b-4e97becc1606}</UniqueIdentifier>
    </Filter>
    <Filter Include="libs">
      <UniqueIdentifier>{b06d4c7d-11d0-4339-899a-6319d6d6a9b4}</UniqueIdentifier>
    </Filter>
    <Filter Include="mysql">
      <UniqueIdentifier>{5d4b90d8-d663-4d1a-adff-7aebb6156fab}</UniqueIdentifier>
    </Filter>
    <Filter Include="net">
      <UniqueIdentifier>{1d28c090-b323-4b9d-8a08-93bbefa98cf4}</UniqueIdentifier>
    </Filter>
    <Filter Include="char\item">
      <UniqueIdentifier>{ee9237e9-5a5d-4f0b-972c-910a8427a6b8}</UniqueIdentifier>
    </Filter>
  </ItemGroup>
  <ItemGroup>
    <ClInclude Include="GameServer.h">
      <Filter>Header Files</Filter>
    </ClInclude>
    <ClInclude Include="LoginServer.h">
      <Filter>Header Files</Filter>
    </ClInclude>
    <ClInclude Include="main.h">
      <Filter>Header Files</Filter>
    </ClInclude>
    <ClInclude Include="char\Client.h">
      <Filter>char</Filter>
    </ClInclude>
    <ClInclude Include="char\PartyManager.h">
      <Filter>char</Filter>
    </ClInclude>
    <ClInclude Include="char\item\Item.h">
      <Filter>char\item</Filter>
    </ClInclude>
    <ClInclude Include="defs.hpp">
      <Filter>Header Files</Filter>
    </ClInclude>
    <ClInclude Include="StrTok.h">
      <Filter>Header Files</Filter>
    </ClInclude>
    <ClInclude Include="mysql\my_alloc.h">
      <Filter>mysql</Filter>
    </ClInclude>
    <ClInclude Include="mysql\my_list.h">
      <Filter>mysql</Filter>
    </ClInclude>
    <ClInclude Include="mysql\mysql.h">
      <Filter>mysql</Filter>
    </ClInclude>
    <ClInclude Include="mysql\mysql_com.h">
      <Filter>mysql</Filter>
    </ClInclude>
    <ClInclude Include="mysql\mysql_time.h">
      <Filter>mysql</Filter>
    </ClInclude>
    <ClInclude Include="mysql\mysql_version.h">
      <Filter>mysql</Filter>
    </ClInclude>
    <ClInclude Include="mysql\typelib.h">
      <Filter>mysql</Filter>
    </ClInclude>
    <ClInclude Include="net\Msg.h">
      <Filter>net</Filter>
    </ClInclude>
    <ClInclude Include="net\MsgCodes.h">
      <Filter>net</Filter>
    </ClInclude>
    <ClInclude Include="net\XSocket.h">
      <Filter>net</Filter>
    </ClInclude>
  </ItemGroup>
  <ItemGroup>
    <ClCompile Include="GameServer.cpp">
      <Filter>Source Files</Filter>
    </ClCompile>
    <ClCompile Include="LoginServer.cpp">
      <Filter>Source Files</Filter>
    </ClCompile>
    <ClCompile Include="main.cpp">
      <Filter>Source Files</Filter>
    </ClCompile>
    <ClCompile Include="char\Client.cpp">
      <Filter>char</Filter>
    </ClCompile>
    <ClCompile Include="char\PartyManager.cpp">
      <Filter>char</Filter>
    </ClCompile>
    <ClCompile Include="char\item\Item.cpp">
      <Filter>char\item</Filter>
    </ClCompile>
    <ClCompile Include="net\Msg.cpp">
      <Filter>net</Filter>
    </ClCompile>
    <ClCompile Include="net\XSocket.cpp">
      <Filter>net</Filter>
    </ClCompile>
  </ItemGroup>
  <ItemGroup>
    <Library Include="libs\libmysql.lib">
      <Filter>libs</Filter>
    </Library>
    <Library Include="libs\StrTok.lib">
      <Filter>libs</Filter>
    </Library>
    <Library Include="libs\WINMM.LIB">
      <Filter>libs</Filter>
    </Library>
    <Library Include="libs\WS2_32.LIB">
      <Filter>libs</Filter>
    </Library>
    <Library Include="libs\WSOCK32.LIB">
      <Filter>libs</Filter>
    </Library>
  </ItemGroup>
</Project>